
Microsoft Visual Studio Solution File, Format Version 12.00
# Visual Studio Version 17
VisualStudioVersion = 17.11.35312.102
MinimumVisualStudioVersion = 10.0.40219.1
Project("{FAE04EC0-301F-11D3-BF4B-00C04F79EFBC}") = "versao7", "versao7\versao7.csproj", "{ADC4B6FD-70F1-4DF1-91CF-BCAA3C7F18C1}"
EndProject
Global
	GlobalSection(SolutionConfigurationPlatforms) = preSolution
		Debug|Any CPU = Debug|Any CPU
		Release|Any CPU = Release|Any CPU
	EndGlobalSection
	GlobalSection(ProjectConfigurationPlatforms) = postSolution
		{ADC4B6FD-70F1-4DF1-91CF-BCAA3C7F18C1}.Debug|Any CPU.ActiveCfg = Debug|Any CPU
		{ADC4B6FD-70F1-4DF1-91CF-BCAA3C7F18C1}.Debug|Any CPU.Build.0 = Debug|Any CPU
		{ADC4B6FD-70F1-4DF1-91CF-BCAA3C7F18C1}.Debug|Any CPU.Deploy.0 = Debug|Any CPU
		{ADC4B6FD-70F1-4DF1-91CF-BCAA3C7F18C1}.Release|Any CPU.ActiveCfg = Release|Any CPU
		{ADC4B6FD-70F1-4DF1-91CF-BCAA3C7F18C1}.Release|Any CPU.Build.0 = Release|Any CPU
		{ADC4B6FD-70F1-4DF1-91CF-BCAA3C7F18C1}.Release|Any CPU.Deploy.0 = Release|Any CPU
	EndGlobalSection
	GlobalSection(SolutionProperties) = preSolution
		HideSolutionNode = FALSE
	EndGlobalSection
	GlobalSection(ExtensibilityGlobals) = postSolution
		SolutionGuid = {B9242CA3-5382-4407-8619-5925A840DC9F}
	EndGlobalSection
EndGlobal
